
Microsoft Visual Studio Solution File, Format Version 12.00
# Visual Studio 2012
Project("{FAE04EC0-301F-11D3-BF4B-00C04F79EFBC}") = "xSimulate", "xSimulate\xSimulate.csproj", "{18C5B982-661F-43F9-9922-5036AB43A683}"
EndProject
Project("{FAE04EC0-301F-11D3-BF4B-00C04F79EFBC}") = "UnitTest.xSimulate", "UnitTest.xSimulate\UnitTest.xSimulate.csproj", "{A536572B-BA4F-4621-A314-3967ACFB97B1}"
EndProject
Project("{FAE04EC0-301F-11D3-BF4B-00C04F79EFBC}") = "xSimulate.UI", "xSimulate.UI\xSimulate.UI.csproj", "{BB9F9F46-9331-4C4E-A883-DF6C10C6280C}"
EndProject
Global
	GlobalSection(SolutionConfigurationPlatforms) = preSolution
		Debug|Any CPU = Debug|Any CPU
		Release|Any CPU = Release|Any CPU
	EndGlobalSection
	GlobalSection(ProjectConfigurationPlatforms) = postSolution
		{18C5B982-661F-43F9-9922-5036AB43A683}.Debug|Any CPU.ActiveCfg = Debug|Any CPU
		{18C5B982-661F-43F9-9922-5036AB43A683}.Debug|Any CPU.Build.0 = Debug|Any CPU
		{18C5B982-661F-43F9-9922-5036AB43A683}.Release|Any CPU.ActiveCfg = Release|Any CPU
		{18C5B982-661F-43F9-9922-5036AB43A683}.Release|Any CPU.Build.0 = Release|Any CPU
		{A536572B-BA4F-4621-A314-3967ACFB97B1}.Debug|Any CPU.ActiveCfg = Debug|Any CPU
		{A536572B-BA4F-4621-A314-3967ACFB97B1}.Debug|Any CPU.Build.0 = Debug|Any CPU
		{A536572B-BA4F-4621-A314-3967ACFB97B1}.Release|Any CPU.ActiveCfg = Release|Any CPU
		{A536572B-BA4F-4621-A314-3967ACFB97B1}.Release|Any CPU.Build.0 = Release|Any CPU
		{BB9F9F46-9331-4C4E-A883-DF6C10C6280C}.Debug|Any CPU.ActiveCfg = Debug|Any CPU
		{BB9F9F46-9331-4C4E-A883-DF6C10C6280C}.Debug|Any CPU.Build.0 = Debug|Any CPU
		{BB9F9F46-9331-4C4E-A883-DF6C10C6280C}.Release|Any CPU.ActiveCfg = Release|Any CPU
		{BB9F9F46-9331-4C4E-A883-DF6C10C6280C}.Release|Any CPU.Build.0 = Release|Any CPU
	EndGlobalSection
	GlobalSection(SolutionProperties) = preSolution
		HideSolutionNode = FALSE
	EndGlobalSection
EndGlobal
